
Microsoft Visual Studio Solution File, Format Version 12.00
# Visual Studio Version 16
VisualStudioVersion = 16.0.31025.194
MinimumVisualStudioVersion = 10.0.40219.1
Project("{A0786B88-2ADB-4C21-ABE8-AA2D79766269}") = "PHPWebProject0", "PHPWebProject0.phpproj", "{323D781A-8AC6-4D54-BA22-35C64C50195B}"
EndProject
Global
	GlobalSection(SolutionConfigurationPlatforms) = preSolution
		Debug|Any CPU = Debug|Any CPU
		Release|Any CPU = Release|Any CPU
	EndGlobalSection
	GlobalSection(ProjectConfigurationPlatforms) = postSolution
		{323D781A-8AC6-4D54-BA22-35C64C50195B}.Debug|Any CPU.ActiveCfg = Debug|Any CPU
		{323D781A-8AC6-4D54-BA22-35C64C50195B}.Release|Any CPU.ActiveCfg = Release|Any CPU
	EndGlobalSection
	GlobalSection(SolutionProperties) = preSolution
		HideSolutionNode = FALSE
	EndGlobalSection
	GlobalSection(ExtensibilityGlobals) = postSolution
		SolutionGuid = {519696F4-D045-48F3-BEE5-492D03822FC4}
	EndGlobalSection
EndGlobal
